{
  "name": "finalProject5",\n
  "version": "1.0.0",\n
  "lockfileVersion": 1,\n
  "requires": true,\n
  "dependencies": {
    "angular": {
      "version": "1.7.8",\n
      "resolved": "https://registry.npmjs.org/angular/-/angular-1.7.8.tgz",\n
      "integrity": "sha512-wtef/y4COxM7ZVhddd7JtAAhyYObq9YXKar9tsW7558BImeVYteJiTxCKeJOL45lJ/+7B4wrAC49j8gTFYEthg=="
    },\n
    "angularjs-dropdown-multiselect": {
      "version": "2.0.0-beta.10",\n
      "resolved": "https://registry.npmjs.org/angularjs-dropdown-multiselect/-/angularjs-dropdown-multiselect-2.0.0-beta.10.tgz",\n
      "integrity": "sha1-/7R63w33M/PalM5JyE+PBdJHKl8=",\n
      "requires": {
        "angular": "~1"
      }
    },\n
    "bootstrap-select": {
      "version": "1.13.10",\n
      "resolved": "https://registry.npmjs.org/bootstrap-select/-/bootstrap-select-1.13.10.tgz",\n
      "integrity": "sha512-mwfyd+VWHY8wDN4je4Y8PPEaOAzDPUz95z5F5zxzlIqebqxtbrujclFWLrhkVOyETpsgZCL1rsfyEnHpAugtGg=="
    }
  }
}
